
Microsoft Visual Studio Solution File, Format Version 12.00
# Visual Studio Version 16
VisualStudioVersion = 16.0.30611.23
MinimumVisualStudioVersion = 10.0.40219.1
Project("{FAE04EC0-301F-11D3-BF4B-00C04F79EFBC}") = "PawelKobrynskiZadanieDomowe1", "PawelKobrynskiZadanieDomowe1\PawelKobrynskiZadanieDomowe1.csproj", "{BD1185B3-9845-43FF-83E7-A5ABC0BF3DAB}"
EndProject
Global
	GlobalSection(SolutionConfigurationPlatforms) = preSolution
		Debug|Any CPU = Debug|Any CPU
		Release|Any CPU = Release|Any CPU
	EndGlobalSection
	GlobalSection(ProjectConfigurationPlatforms) = postSolution
		{BD1185B3-9845-43FF-83E7-A5ABC0BF3DAB}.Debug|Any CPU.ActiveCfg = Debug|Any CPU
		{BD1185B3-9845-43FF-83E7-A5ABC0BF3DAB}.Debug|Any CPU.Build.0 = Debug|Any CPU
		{BD1185B3-9845-43FF-83E7-A5ABC0BF3DAB}.Release|Any CPU.ActiveCfg = Release|Any CPU
		{BD1185B3-9845-43FF-83E7-A5ABC0BF3DAB}.Release|Any CPU.Build.0 = Release|Any CPU
	EndGlobalSection
	GlobalSection(SolutionProperties) = preSolution
		HideSolutionNode = FALSE
	EndGlobalSection
	GlobalSection(ExtensibilityGlobals) = postSolution
		SolutionGuid = {6CE1BEF1-2BFB-4BD3-A798-83FA2E269B81}
	EndGlobalSection
EndGlobal
