
Microsoft Visual Studio Solution File, Format Version 12.00
# Visual Studio Version 16
VisualStudioVersion = 16.0.30611.23
MinimumVisualStudioVersion = 10.0.40219.1
Project("{FAE04EC0-301F-11D3-BF4B-00C04F79EFBC}") = "PawelKobrynskiLab1", "PawelKobrynskiLab1\PawelKobrynskiLab1.csproj", "{EB83D60C-9EF5-47F2-91C3-86962C633417}"
EndProject
Global
	GlobalSection(SolutionConfigurationPlatforms) = preSolution
		Debug|Any CPU = Debug|Any CPU
		Release|Any CPU = Release|Any CPU
	EndGlobalSection
	GlobalSection(ProjectConfigurationPlatforms) = postSolution
		{EB83D60C-9EF5-47F2-91C3-86962C633417}.Debug|Any CPU.ActiveCfg = Debug|Any CPU
		{EB83D60C-9EF5-47F2-91C3-86962C633417}.Debug|Any CPU.Build.0 = Debug|Any CPU
		{EB83D60C-9EF5-47F2-91C3-86962C633417}.Release|Any CPU.ActiveCfg = Release|Any CPU
		{EB83D60C-9EF5-47F2-91C3-86962C633417}.Release|Any CPU.Build.0 = Release|Any CPU
	EndGlobalSection
	GlobalSection(SolutionProperties) = preSolution
		HideSolutionNode = FALSE
	EndGlobalSection
	GlobalSection(ExtensibilityGlobals) = postSolution
		SolutionGuid = {64157BBC-0C06-43B0-A0F3-F520128DDA9A}
	EndGlobalSection
EndGlobal
